
Microsoft Visual Studio Solution File, Format Version 12.00
# Visual Studio Version 17
VisualStudioVersion = 17.10.35013.160
MinimumVisualStudioVersion = 10.0.40219.1
Project("{FAE04EC0-301F-11D3-BF4B-00C04F79EFBC}") = "Files", "Files\Files.csproj", "{E56967A3-74C2-4A3A-A5A0-B143369E6D94}"
EndProject
Global
	GlobalSection(SolutionConfigurationPlatforms) = preSolution
		Debug|Any CPU = Debug|Any CPU
		Release|Any CPU = Release|Any CPU
	EndGlobalSection
	GlobalSection(ProjectConfigurationPlatforms) = postSolution
		{E56967A3-74C2-4A3A-A5A0-B143369E6D94}.Debug|Any CPU.ActiveCfg = Debug|Any CPU
		{E56967A3-74C2-4A3A-A5A0-B143369E6D94}.Debug|Any CPU.Build.0 = Debug|Any CPU
		{E56967A3-74C2-4A3A-A5A0-B143369E6D94}.Release|Any CPU.ActiveCfg = Release|Any CPU
		{E56967A3-74C2-4A3A-A5A0-B143369E6D94}.Release|Any CPU.Build.0 = Release|Any CPU
	EndGlobalSection
	GlobalSection(SolutionProperties) = preSolution
		HideSolutionNode = FALSE
	EndGlobalSection
	GlobalSection(ExtensibilityGlobals) = postSolution
		SolutionGuid = {BB2823D7-2D24-454C-B43E-A7032C8C5192}
	EndGlobalSection
EndGlobal
